// !$*UTF8*$!
{
	archiveVersion = 1;
	classes = {
	};
	objectVersion = 56;
	objects = {

/* Begin PBXBuildFile section */
		9746AD482B012C26005FE85D /* AppDelegate.swift in Sources */ = {isa = PBXBuildFile; fileRef = 9746AD472B012C26005FE85D /* AppDelegate.swift */; };
		9746AD4A2B012C26005FE85D /* SceneDelegate.swift in Sources */ = {isa = PBXBuildFile; fileRef = 9746AD492B012C26005FE85D /* SceneDelegate.swift */; };
		9746AD4C2B012C26005FE85D /* ViewController.swift in Sources */ = {isa = PBXBuildFile; fileRef = 9746AD4B2B012C26005FE85D /* ViewController.swift */; };
		9746AD4F2B012C26005FE85D /* Main.storyboard in Resources */ = {isa = PBXBuildFile; fileRef = 9746AD4D2B012C26005FE85D /* Main.storyboard */; };
		9746AD512B012C2A005FE85D /* Assets.xcassets in Resources */ = {isa = PBXBuildFile; fileRef = 9746AD502B012C2A005FE85D /* Assets.xcassets */; };
		9746AD542B012C2A005FE85D /* LaunchScreen.storyboard in Resources */ = {isa = PBXBuildFile; fileRef = 9746AD522B012C2A005FE85D /* LaunchScreen.storyboard */; };
		9746AD5F2B012C2B005FE85D /* Chapter5_ViewTransitionWithDataTests.swift in Sources */ = {isa = PBXBuildFile; fileRef = 9746AD5E2B012C2B005FE85D /* Chapter5_ViewTransitionWithDataTests.swift */; };
		9746AD692B012C2B005FE85D /* Chapter5_ViewTransitionWithDataUITests.swift in Sources */ = {isa = PBXBuildFile; fileRef = 9746AD682B012C2B005FE85D /* Chapter5_ViewTransitionWithDataUITests.swift */; };
		9746AD6B2B012C2B005FE85D /* Chapter5_ViewTransitionWithDataUITestsLaunchTests.swift in Sources */ = {isa = PBXBuildFile; fileRef = 9746AD6A2B012C2B005FE85D /* Chapter5_ViewTransitionWithDataUITestsLaunchTests.swift */; };
/* End PBXBuildFile section */

/* Begin PBXContainerItemProxy section */
		9746AD5B2B012C2B005FE85D /* PBXContainerItemProxy */ = {
			isa = PBXContainerItemProxy;
			containerPortal = 9746AD3C2B012C26005FE85D /* Project object */;
			proxyType = 1;
			remoteGlobalIDString = 9746AD432B012C26005FE85D;
			remoteInfo = Chapter5_ViewTransitionWithData;
		};
		9746AD652B012C2B005FE85D /* PBXContainerItemProxy */ = {
			isa = PBXContainerItemProxy;
			containerPortal = 9746AD3C2B012C26005FE85D /* Project object */;
			proxyType = 1;
			remoteGlobalIDString = 9746AD432B012C26005FE85D;
			remoteInfo = Chapter5_ViewTransitionWithData;
		};
/* End PBXContainerItemProxy section */

/* Begin PBXFileReference section */
		9746AD442B012C26005FE85D /* Chapter5_ViewTransitionWithData.app */ = {isa = PBXFileReference; explicitFileType = wrapper.application; includeInIndex = 0; path = Chapter5_ViewTransitionWithData.app; sourceTree = BUILT_PRODUCTS_DIR; };
		9746AD472B012C26005FE85D /* AppDelegate.swift */ = {isa = PBXFileReference; lastKnownFileType = sourcecode.swift; path = AppDelegate.swift; sourceTree = "<group>"; };
		9746AD492B012C26005FE85D /* SceneDelegate.swift */ = {isa = PBXFileReference; lastKnownFileType = sourcecode.swift; path = SceneDelegate.swift; sourceTree = "<group>"; };
		9746AD4B2B012C26005FE85D /* ViewController.swift */ = {isa = PBXFileReference; lastKnownFileType = sourcecode.swift; path = ViewController.swift; sourceTree = "<group>"; };
		9746AD4E2B012C26005FE85D /* Base */ = {isa = PBXFileReference; lastKnownFileType = file.storyboard; name = Base; path = Base.lproj/Main.storyboard; sourceTree = "<group>"; };
		9746AD502B012C2A005FE85D /* Assets.xcassets */ = {isa = PBXFileReference; lastKnownFileType = folder.assetcatalog; path = Assets.xcassets; sourceTree = "<group>"; };
		9746AD532B012C2A005FE85D /* Base */ = {isa = PBXFileReference; lastKnownFileType = file.storyboard; name = Base; path = Base.lproj/LaunchScreen.storyboard; sourceTree = "<group>"; };
		9746AD552B012C2A005FE85D /* Info.plist */ = {isa = PBXFileReference; lastKnownFileType = text.plist.xml; path = Info.plist; sourceTree = "<group>"; };
		9746AD5A2B012C2B005FE85D /* Chapter5_ViewTransitionWithDataTests.xctest */ = {isa = PBXFileReference; explicitFileType = wrapper.cfbundle; includeInIndex = 0; path = Chapter5_ViewTransitionWithDataTests.xctest; sourceTree = BUILT_PRODUCTS_DIR; };
		9746AD5E2B012C2B005FE85D /* Chapter5_ViewTransitionWithDataTests.swift */ = {isa = PBXFileReference; lastKnownFileType = sourcecode.swift; path = Chapter5_ViewTransitionWithDataTests.swift; sourceTree = "<group>"; };
		9746AD642B012C2B005FE85D /* Chapter5_ViewTransitionWithDataUITests.xctest */ = {isa = PBXFileReference; explicitFileType = wrapper.cfbundle; includeInIndex = 0; path = Chapter5_ViewTransitionWithDataUITests.xctest; sourceTree = BUILT_PRODUCTS_DIR; };
		9746AD682B012C2B005FE85D /* Chapter5_ViewTransitionWithDataUITests.swift */ = {isa = PBXFileReference; lastKnownFileType = sourcecode.swift; path = Chapter5_ViewTransitionWithDataUITests.swift; sourceTree = "<group>"; };
		9746AD6A2B012C2B005FE85D /* Chapter5_ViewTransitionWithDataUITestsLaunchTests.swift */ = {isa = PBXFileReference; lastKnownFileType = sourcecode.swift; path = Chapter5_ViewTransitionWithDataUITestsLaunchTests.swift; sourceTree = "<group>"; };
/* End PBXFileReference section */

/* Begin PBXFrameworksBuildPhase section */
		9746AD412B012C26005FE85D /* Frameworks */ = {
			isa = PBXFrameworksBuildPhase;
			buildActionMask = 2147483647;
			files = (
			);
			runOnlyForDeploymentPostprocessing = 0;
		};
		9746AD572B012C2B005FE85D /* Frameworks */ = {
			isa = PBXFrameworksBuildPhase;
			buildActionMask = 2147483647;
			files = (
			);
			runOnlyForDeploymentPostprocessing = 0;
		};
		9746AD612B012C2B005FE85D /* Frameworks */ = {
			isa = PBXFrameworksBuildPhase;
			buildActionMask = 2147483647;
			files = (
			);
			runOnlyForDeploymentPostprocessing = 0;
		};
/* End PBXFrameworksBuildPhase section */

/* Begin PBXGroup section */
		9746AD3B2B012C26005FE85D = {
			isa = PBXGroup;
			children = (
				9746AD462B012C26005FE85D /* Chapter5_ViewTransitionWithData */,
				9746AD5D2B012C2B005FE85D /* Chapter5_ViewTransitionWithDataTests */,
				9746AD672B012C2B005FE85D /* Chapter5_ViewTransitionWithDataUITests */,
				9746AD452B012C26005FE85D /* Products */,
			);
			sourceTree = "<group>";
		};
		9746AD452B012C26005FE85D /* Products */ = {
			isa = PBXGroup;
			children = (
				9746AD442B012C26005FE85D /* Chapter5_ViewTransitionWithData.app */,
				9746AD5A2B012C2B005FE85D /* Chapter5_ViewTransitionWithDataTests.xctest */,
				9746AD642B012C2B005FE85D /* Chapter5_ViewTransitionWithDataUITests.xctest */,
			);
			name = Products;
			sourceTree = "<group>";
		};
		9746AD462B012C26005FE85D /* Chapter5_ViewTransitionWithData */ = {
			isa = PBXGroup;
			children = (
				9746AD472B012C26005FE85D /* AppDelegate.swift */,
				9746AD492B012C26005FE85D /* SceneDelegate.swift */,
				9746AD4B2B012C26005FE85D /* ViewController.swift */,
				9746AD4D2B012C26005FE85D /* Main.storyboard */,
				9746AD502B012C2A005FE85D /* Assets.xcassets */,
				9746AD522B012C2A005FE85D /* LaunchScreen.storyboard */,
				9746AD552B012C2A005FE85D /* Info.plist */,
			);
			path = Chapter5_ViewTransitionWithData;
			sourceTree = "<group>";
		};
		9746AD5D2B012C2B005FE85D /* Chapter5_ViewTransitionWithDataTests */ = {
			isa = PBXGroup;
			children = (
				9746AD5E2B012C2B005FE85D /* Chapter5_ViewTransitionWithDataTests.swift */,
			);
			path = Chapter5_ViewTransitionWithDataTests;
			sourceTree = "<group>";
		};
		9746AD672B012C2B005FE85D /* Chapter5_ViewTransitionWithDataUITests */ = {
			isa = PBXGroup;
			children = (
				9746AD682B012C2B005FE85D /* Chapter5_ViewTransitionWithDataUITests.swift */,
				9746AD6A2B012C2B005FE85D /* Chapter5_ViewTransitionWithDataUITestsLaunchTests.swift */,
			);
			path = Chapter5_ViewTransitionWithDataUITests;
			sourceTree = "<group>";
		};
/* End PBXGroup section */

/* Begin PBXNativeTarget section */
		9746AD432B012C26005FE85D /* Chapter5_ViewTransitionWithData */ = {
			isa = PBXNativeTarget;
			buildConfigurationList = 9746AD6E2B012C2B005FE85D /* Build configuration list for PBXNativeTarget "Chapter5_ViewTransitionWithData" */;
			buildPhases = (
				9746AD402B012C26005FE85D /* Sources */,
				9746AD412B012C26005FE85D /* Frameworks */,
				9746AD422B012C26005FE85D /* Resources */,
			);
			buildRules = (
			);
			dependencies = (
			);
			name = Chapter5_ViewTransitionWithData;
			productName = Chapter5_ViewTransitionWithData;
			productReference = 9746AD442B012C26005FE85D /* Chapter5_ViewTransitionWithData.app */;
			productType = "com.apple.product-type.application";
		};
		9746AD592B012C2B005FE85D /* Chapter5_ViewTransitionWithDataTests */ = {
			isa = PBXNativeTarget;
			buildConfigurationList = 9746AD712B012C2B005FE85D /* Build configuration list for PBXNativeTarget "Chapter5_ViewTransitionWithDataTests" */;
			buildPhases = (
				9746AD562B012C2B005FE85D /* Sources */,
				9746AD572B012C2B005FE85D /* Frameworks */,
				9746AD582B012C2B005FE85D /* Resources */,
			);
			buildRules = (
			);
			dependencies = (
				9746AD5C2B012C2B005FE85D /* PBXTargetDependency */,
			);
			name = Chapter5_ViewTransitionWithDataTests;
			productName = Chapter5_ViewTransitionWithDataTests;
			productReference = 9746AD5A2B012C2B005FE85D /* Chapter5_ViewTransitionWithDataTests.xctest */;
			productType = "com.apple.product-type.bundle.unit-test";
		};
		9746AD632B012C2B005FE85D /* Chapter5_ViewTransitionWithDataUITests */ = {
			isa = PBXNativeTarget;
			buildConfigurationList = 9746AD742B012C2B005FE85D /* Build configuration list for PBXNativeTarget "Chapter5_ViewTransitionWithDataUITests" */;
			buildPhases = (
				9746AD602B012C2B005FE85D /* Sources */,
				9746AD612B012C2B005FE85D /* Frameworks */,
				9746AD622B012C2B005FE85D /* Resources */,
			);
			buildRules = (
			);
			dependencies = (
				9746AD662B012C2B005FE85D /* PBXTargetDependency */,
			);
			name = Chapter5_ViewTransitionWithDataUITests;
			productName = Chapter5_ViewTransitionWithDataUITests;
			productReference = 9746AD642B012C2B005FE85D /* Chapter5_ViewTransitionWithDataUITests.xctest */;
			productType = "com.apple.product-type.bundle.ui-testing";
		};
/* End PBXNativeTarget section */

/* Begin PBXProject section */
		9746AD3C2B012C26005FE85D /* Project object */ = {
			isa = PBXProject;
			attributes = {
				BuildIndependentTargetsInParallel = 1;
				LastSwiftUpdateCheck = 1500;
				LastUpgradeCheck = 1500;
				TargetAttributes = {
					9746AD432B012C26005FE85D = {
						CreatedOnToolsVersion = 15.0.1;
					};
					9746AD592B012C2B005FE85D = {
						CreatedOnToolsVersion = 15.0.1;
						TestTargetID = 9746AD432B012C26005FE85D;
					};
					9746AD632B012C2B005FE85D = {
						CreatedOnToolsVersion = 15.0.1;
						TestTargetID = 9746AD432B012C26005FE85D;
					};
				};
			};
			buildConfigurationList = 9746AD3F2B012C26005FE85D /* Build configuration list for PBXProject "Chapter5_ViewTransitionWithData" */;
			compatibilityVersion = "Xcode 14.0";
			developmentRegion = en;
			hasScannedForEncodings = 0;
			knownRegions = (
				en,
				Base,
			);
			mainGroup = 9746AD3B2B012C26005FE85D;
			productRefGroup = 9746AD452B012C26005FE85D /* Products */;
			projectDirPath = "";
			projectRoot = "";
			targets = (
				9746AD432B012C26005FE85D /* Chapter5_ViewTransitionWithData */,
				9746AD592B012C2B005FE85D /* Chapter5_ViewTransitionWithDataTests */,
				9746AD632B012C2B005FE85D /* Chapter5_ViewTransitionWithDataUITests */,
			);
		};
/* End PBXProject section */

/* Begin PBXResourcesBuildPhase section */
		9746AD422B012C26005FE85D /* Resources */ = {
			isa = PBXResourcesBuildPhase;
			buildActionMask = 2147483647;
			files = (
				9746AD542B012C2A005FE85D /* LaunchScreen.storyboard in Resources */,
				9746AD512B012C2A005FE85D /* Assets.xcassets in Resources */,
				9746AD4F2B012C26005FE85D /* Main.storyboard in Resources */,
			);
			runOnlyForDeploymentPostprocessing = 0;
		};
		9746AD582B012C2B005FE85D /* Resources */ = {
			isa = PBXResourcesBuildPhase;
			buildActionMask = 2147483647;
			files = (
			);
			runOnlyForDeploymentPostprocessing = 0;
		};
		9746AD622B012C2B005FE85D /* Resources */ = {
			isa = PBXResourcesBuildPhase;
			buildActionMask = 2147483647;
			files = (
			);
			runOnlyForDeploymentPostprocessing = 0;
		};
/* End PBXResourcesBuildPhase section */

/* Begin PBXSourcesBuildPhase section */
		9746AD402B012C26005FE85D /* Sources */ = {
			isa = PBXSourcesBuildPhase;
			buildActionMask = 2147483647;
			files = (
				9746AD4C2B012C26005FE85D /* ViewController.swift in Sources */,
				9746AD482B012C26005FE85D /* AppDelegate.swift in Sources */,
				9746AD4A2B012C26005FE85D /* SceneDelegate.swift in Sources */,
			);
			runOnlyForDeploymentPostprocessing = 0;
		};
		9746AD562B012C2B005FE85D /* Sources */ = {
			isa = PBXSourcesBuildPhase;
			buildActionMask = 2147483647;
			files = (
				9746AD5F2B012C2B005FE85D /* Chapter5_ViewTransitionWithDataTests.swift in Sources */,
			);
			runOnlyForDeploymentPostprocessing = 0;
		};
		9746AD602B012C2B005FE85D /* Sources */ = {
			isa = PBXSourcesBuildPhase;
			buildActionMask = 2147483647;
			files = (
				9746AD6B2B012C2B005FE85D /* Chapter5_ViewTransitionWithDataUITestsLaunchTests.swift in Sources */,
				9746AD692B012C2B005FE85D /* Chapter5_ViewTransitionWithDataUITests.swift in Sources */,
			);
			runOnlyForDeploymentPostprocessing = 0;
		};
/* End PBXSourcesBuildPhase section */

/* Begin PBXTargetDependency section */
		9746AD5C2B012C2B005FE85D /* PBXTargetDependency */ = {
			isa = PBXTargetDependency;
			target = 9746AD432B012C26005FE85D /* Chapter5_ViewTransitionWithData */;
			targetProxy = 9746AD5B2B012C2B005FE85D /* PBXContainerItemProxy */;
		};
		9746AD662B012C2B005FE85D /* PBXTargetDependency */ = {
			isa = PBXTargetDependency;
			target = 9746AD432B012C26005FE85D /* Chapter5_ViewTransitionWithData */;
			targetProxy = 9746AD652B012C2B005FE85D /* PBXContainerItemProxy */;
		};
/* End PBXTargetDependency section */

/* Begin PBXVariantGroup section */
		9746AD4D2B012C26005FE85D /* Main.storyboard */ = {
			isa = PBXVariantGroup;
			children = (
				9746AD4E2B012C26005FE85D /* Base */,
			);
			name = Main.storyboard;
			sourceTree = "<group>";
		};
		9746AD522B012C2A005FE85D /* LaunchScreen.storyboard */ = {
			isa = PBXVariantGroup;
			children = (
				9746AD532B012C2A005FE85D /* Base */,
			);
			name = LaunchScreen.storyboard;
			sourceTree = "<group>";
		};
/* End PBXVariantGroup section */

/* Begin XCBuildConfiguration section */
		9746AD6C2B012C2B005FE85D /* Debug */ = {
			isa = XCBuildConfiguration;
			buildSettings = {
				ALWAYS_SEARCH_USER_PATHS = NO;
				ASSETCATALOG_COMPILER_GENERATE_SWIFT_ASSET_SYMBOL_EXTENSIONS = YES;
				CLANG_ANALYZER_NONNULL = YES;
				CLANG_ANALYZER_NUMBER_OBJECT_CONVERSION = YES_AGGRESSIVE;
				CLANG_CXX_LANGUAGE_STANDARD = "gnu++20";
				CLANG_ENABLE_MODULES = YES;
				CLANG_ENABLE_OBJC_ARC = YES;
				CLANG_ENABLE_OBJC_WEAK = YES;
				CLANG_WARN_BLOCK_CAPTURE_AUTORELEASING = YES;
				CLANG_WARN_BOOL_CONVERSION = YES;
				CLANG_WARN_COMMA = YES;
				CLANG_WARN_CONSTANT_CONVERSION = YES;
				CLANG_WARN_DEPRECATED_OBJC_IMPLEMENTATIONS = YES;
				CLANG_WARN_DIRECT_OBJC_ISA_USAGE = YES_ERROR;
				CLANG_WARN_DOCUMENTATION_COMMENTS = YES;
				CLANG_WARN_EMPTY_BODY = YES;
				CLANG_WARN_ENUM_CONVERSION = YES;
				CLANG_WARN_INFINITE_RECURSION = YES;
				CLANG_WARN_INT_CONVERSION = YES;
				CLANG_WARN_NON_LITERAL_NULL_CONVERSION = YES;
				CLANG_WARN_OBJC_IMPLICIT_RETAIN_SELF = YES;
				CLANG_WARN_OBJC_LITERAL_CONVERSION = YES;
				CLANG_WARN_OBJC_ROOT_CLASS = YES_ERROR;
				CLANG_WARN_QUOTED_INCLUDE_IN_FRAMEWORK_HEADER = YES;
				CLANG_WARN_RANGE_LOOP_ANALYSIS = YES;
				CLANG_WARN_STRICT_PROTOTYPES = YES;
				CLANG_WARN_SUSPICIOUS_MOVE = YES;
				CLANG_WARN_UNGUARDED_AVAILABILITY = YES_AGGRESSIVE;
				CLANG_WARN_UNREACHABLE_CODE = YES;
				CLANG_WARN__DUPLICATE_METHOD_MATCH = YES;
				COPY_PHASE_STRIP = NO;
				DEBUG_INFORMATION_FORMAT = dwarf;
				ENABLE_STRICT_OBJC_MSGSEND = YES;
				ENABLE_TESTABILITY = YES;
				ENABLE_USER_SCRIPT_SANDBOXING = YES;
				GCC_C_LANGUAGE_STANDARD = gnu17;
				GCC_DYNAMIC_NO_PIC = NO;
				GCC_NO_COMMON_BLOCKS = YES;
				GCC_OPTIMIZATION_LEVEL = 0;
				GCC_PREPROCESSOR_DEFINITIONS = (
					"DEBUG=1",
					"$(inherited)",
				);
				GCC_WARN_64_TO_32_BIT_CONVERSION = YES;
				GCC_WARN_ABOUT_RETURN_TYPE = YES_ERROR;
				GCC_WARN_UNDECLARED_SELECTOR = YES;
				GCC_WARN_UNINITIALIZED_AUTOS = YES_AGGRESSIVE;
				GCC_WARN_UNUSED_FUNCTION = YES;
				GCC_WARN_UNUSED_VARIABLE = YES;
				IPHONEOS_DEPLOYMENT_TARGET = 17.0;
				LOCALIZATION_PREFERS_STRING_CATALOGS = YES;
				MTL_ENABLE_DEBUG_INFO = INCLUDE_SOURCE;
				MTL_FAST_MATH = YES;
				ONLY_ACTIVE_ARCH = YES;
				SDKROOT = iphoneos;
				SWIFT_ACTIVE_COMPILATION_CONDITIONS = "DEBUG $(inherited)";
				SWIFT_OPTIMIZATION_LEVEL = "-Onone";
			};
			name = Debug;
		};
		9746AD6D2B012C2B005FE85D /* Release */ = {
			isa = XCBuildConfiguration;
			buildSettings = {
				ALWAYS_SEARCH_USER_PATHS = NO;
				ASSETCATALOG_COMPILER_GENERATE_SWIFT_ASSET_SYMBOL_EXTENSIONS = YES;
				CLANG_ANALYZER_NONNULL = YES;
				CLANG_ANALYZER_NUMBER_OBJECT_CONVERSION = YES_AGGRESSIVE;
				CLANG_CXX_LANGUAGE_STANDARD = "gnu++20";
				CLANG_ENABLE_MODULES = YES;
				CLANG_ENABLE_OBJC_ARC = YES;
				CLANG_ENABLE_OBJC_WEAK = YES;
				CLANG_WARN_BLOCK_CAPTURE_AUTORELEASING = YES;
				CLANG_WARN_BOOL_CONVERSION = YES;
				CLANG_WARN_COMMA = YES;
				CLANG_WARN_CONSTANT_CONVERSION = YES;
				CLANG_WARN_DEPRECATED_OBJC_IMPLEMENTATIONS = YES;
				CLANG_WARN_DIRECT_OBJC_ISA_USAGE = YES_ERROR;
				CLANG_WARN_DOCUMENTATION_COMMENTS = YES;
				CLANG_WARN_EMPTY_BODY = YES;
				CLANG_WARN_ENUM_CONVERSION = YES;
				CLANG_WARN_INFINITE_RECURSION = YES;
				CLANG_WARN_INT_CONVERSION = YES;
				CLANG_WARN_NON_LITERAL_NULL_CONVERSION = YES;
				CLANG_WARN_OBJC_IMPLICIT_RETAIN_SELF = YES;
				CLANG_WARN_OBJC_LITERAL_CONVERSION = YES;
				CLANG_WARN_OBJC_ROOT_CLASS = YES_ERROR;
				CLANG_WARN_QUOTED_INCLUDE_IN_FRAMEWORK_HEADER = YES;
				CLANG_WARN_RANGE_LOOP_ANALYSIS = YES;
				CLANG_WARN_STRICT_PROTOTYPES = YES;
				CLANG_WARN_SUSPICIOUS_MOVE = YES;
				CLANG_WARN_UNGUARDED_AVAILABILITY = YES_AGGRESSIVE;
				CLANG_WARN_UNREACHABLE_CODE = YES;
				CLANG_WARN__DUPLICATE_METHOD_MATCH = YES;
				COPY_PHASE_STRIP = NO;
				DEBUG_INFORMATION_FORMAT = "dwarf-with-dsym";
				ENABLE_NS_ASSERTIONS = NO;
				ENABLE_STRICT_OBJC_MSGSEND = YES;
				ENABLE_USER_SCRIPT_SANDBOXING = YES;
				GCC_C_LANGUAGE_STANDARD = gnu17;
				GCC_NO_COMMON_BLOCKS = YES;
				GCC_WARN_64_TO_32_BIT_CONVERSION = YES;
				GCC_WARN_ABOUT_RETURN_TYPE = YES_ERROR;
				GCC_WARN_UNDECLARED_SELECTOR = YES;
				GCC_WARN_UNINITIALIZED_AUTOS = YES_AGGRESSIVE;
				GCC_WARN_UNUSED_FUNCTION = YES;
				GCC_WARN_UNUSED_VARIABLE = YES;
				IPHONEOS_DEPLOYMENT_TARGET = 17.0;
				LOCALIZATION_PREFERS_STRING_CATALOGS = YES;
				MTL_ENABLE_DEBUG_INFO = NO;
				MTL_FAST_MATH = YES;
				SDKROOT = iphoneos;
				SWIFT_COMPILATION_MODE = wholemodule;
				VALIDATE_PRODUCT = YES;
			};
			name = Release;
		};
		9746AD6F2B012C2B005FE85D /* Debug */ = {
			isa = XCBuildConfiguration;
			buildSettings = {
				ASSETCATALOG_COMPILER_APPICON_NAME = AppIcon;
				ASSETCATALOG_COMPILER_GLOBAL_ACCENT_COLOR_NAME = AccentColor;
				CODE_SIGN_STYLE = Automatic;
				CURRENT_PROJECT_VERSION = 1;
				DEVELOPMENT_TEAM = N2225VQ3TM;
				GENERATE_INFOPLIST_FILE = YES;
				INFOPLIST_FILE = Chapter5_ViewTransitionWithData/Info.plist;
				INFOPLIST_KEY_UIApplicationSupportsIndirectInputEvents = YES;
				INFOPLIST_KEY_UILaunchStoryboardName = LaunchScreen;
				INFOPLIST_KEY_UIMainStoryboardFile = Main;
				INFOPLIST_KEY_UISupportedInterfaceOrientations_iPad = "UIInterfaceOrientationPortrait UIInterfaceOrientationPortraitUpsideDown UIInterfaceOrientationLandscapeLeft UIInterfaceOrientationLandscapeRight";
				INFOPLIST_KEY_UISupportedInterfaceOrientations_iPhone = "UIInterfaceOrientationPortrait UIInterfaceOrientationLandscapeLeft UIInterfaceOrientationLandscapeRight";
				LD_RUNPATH_SEARCH_PATHS = (
					"$(inherited)",
					"@executable_path/Frameworks",
				);
				MARKETING_VERSION = 1.0;
				PRODUCT_BUNDLE_IDENTIFIER = "com.jetbrains.Chapter5-ViewTransitionWithData";
				PRODUCT_NAME = "$(TARGET_NAME)";
				SWIFT_EMIT_LOC_STRINGS = YES;
				SWIFT_VERSION = 5.0;
				TARGETED_DEVICE_FAMILY = "1,2";
			};
			name = Debug;
		};
		9746AD702B012C2B005FE85D /* Release */ = {
			isa = XCBuildConfiguration;
			buildSettings = {
				ASSETCATALOG_COMPILER_APPICON_NAME = AppIcon;
				ASSETCATALOG_COMPILER_GLOBAL_ACCENT_COLOR_NAME = AccentColor;
				CODE_SIGN_STYLE = Automatic;
				CURRENT_PROJECT_VERSION = 1;
				DEVELOPMENT_TEAM = N2225VQ3TM;
				GENERATE_INFOPLIST_FILE = YES;
				INFOPLIST_FILE = Chapter5_ViewTransitionWithData/Info.plist;
				INFOPLIST_KEY_UIApplicationSupportsIndirectInputEvents = YES;
				INFOPLIST_KEY_UILaunchStoryboardName = LaunchScreen;
				INFOPLIST_KEY_UIMainStoryboardFile = Main;
				INFOPLIST_KEY_UISupportedInterfaceOrientations_iPad = "UIInterfaceOrientationPortrait UIInterfaceOrientationPortraitUpsideDown UIInterfaceOrientationLandscapeLeft UIInterfaceOrientationLandscapeRight";
				INFOPLIST_KEY_UISupportedInterfaceOrientations_iPhone = "UIInterfaceOrientationPortrait UIInterfaceOrientationLandscapeLeft UIInterfaceOrientationLandscapeRight";
				LD_RUNPATH_SEARCH_PATHS = (
					"$(inherited)",
					"@executable_path/Frameworks",
				);
				MARKETING_VERSION = 1.0;
				PRODUCT_BUNDLE_IDENTIFIER = "com.jetbrains.Chapter5-ViewTransitionWithData";
				PRODUCT_NAME = "$(TARGET_NAME)";
				SWIFT_EMIT_LOC_STRINGS = YES;
				SWIFT_VERSION = 5.0;
				TARGETED_DEVICE_FAMILY = "1,2";
			};
			name = Release;
		};
		9746AD722B012C2B005FE85D /* Debug */ = {
			isa = XCBuildConfiguration;
			buildSettings = {
				ALWAYS_EMBED_SWIFT_STANDARD_LIBRARIES = YES;
				BUNDLE_LOADER = "$(TEST_HOST)";
				CODE_SIGN_STYLE = Automatic;
				CURRENT_PROJECT_VERSION = 1;
				DEVELOPMENT_TEAM = N2225VQ3TM;
				GENERATE_INFOPLIST_FILE = YES;
				IPHONEOS_DEPLOYMENT_TARGET = 17.0;
				MARKETING_VERSION = 1.0;
				PRODUCT_BUNDLE_IDENTIFIER = "com.jetbrains.Chapter5-ViewTransitionWithDataTests";
				PRODUCT_NAME = "$(TARGET_NAME)";
				SWIFT_EMIT_LOC_STRINGS = NO;
				SWIFT_VERSION = 5.0;
				TARGETED_DEVICE_FAMILY = "1,2";
				TEST_HOST = "$(BUILT_PRODUCTS_DIR)/Chapter5_ViewTransitionWithData.app/$(BUNDLE_EXECUTABLE_FOLDER_PATH)/Chapter5_ViewTransitionWithData";
			};
			name = Debug;
		};
		9746AD732B012C2B005FE85D /* Release */ = {
			isa = XCBuildConfiguration;
			buildSettings = {
				ALWAYS_EMBED_SWIFT_STANDARD_LIBRARIES = YES;
				BUNDLE_LOADER = "$(TEST_HOST)";
				CODE_SIGN_STYLE = Automatic;
				CURRENT_PROJECT_VERSION = 1;
				DEVELOPMENT_TEAM = N2225VQ3TM;
				GENERATE_INFOPLIST_FILE = YES;
				IPHONEOS_DEPLOYMENT_TARGET = 17.0;
				MARKETING_VERSION = 1.0;
				PRODUCT_BUNDLE_IDENTIFIER = "com.jetbrains.Chapter5-ViewTransitionWithDataTests";
				PRODUCT_NAME = "$(TARGET_NAME)";
				SWIFT_EMIT_LOC_STRINGS = NO;
				SWIFT_VERSION = 5.0;
				TARGETED_DEVICE_FAMILY = "1,2";
				TEST_HOST = "$(BUILT_PRODUCTS_DIR)/Chapter5_ViewTransitionWithData.app/$(BUNDLE_EXECUTABLE_FOLDER_PATH)/Chapter5_ViewTransitionWithData";
			};
			name = Release;
		};
		9746AD752B012C2B005FE85D /* Debug */ = {
			isa = XCBuildConfiguration;
			buildSettings = {
				ALWAYS_EMBED_SWIFT_STANDARD_LIBRARIES = YES;
				CODE_SIGN_STYLE = Automatic;
				CURRENT_PROJECT_VERSION = 1;
				DEVELOPMENT_TEAM = N2225VQ3TM;
				GENERATE_INFOPLIST_FILE = YES;
				MARKETING_VERSION = 1.0;
				PRODUCT_BUNDLE_IDENTIFIER = "com.jetbrains.Chapter5-ViewTransitionWithDataUITests";
				PRODUCT_NAME = "$(TARGET_NAME)";
				SWIFT_EMIT_LOC_STRINGS = NO;
				SWIFT_VERSION = 5.0;
				TARGETED_DEVICE_FAMILY = "1,2";
				TEST_TARGET_NAME = Chapter5_ViewTransitionWithData;
			};
			name = Debug;
		};
		9746AD762B012C2B005FE85D /* Release */ = {
			isa = XCBuildConfiguration;
			buildSettings = {
				ALWAYS_EMBED_SWIFT_STANDARD_LIBRARIES = YES;
				CODE_SIGN_STYLE = Automatic;
				CURRENT_PROJECT_VERSION = 1;
				DEVELOPMENT_TEAM = N2225VQ3TM;
				GENERATE_INFOPLIST_FILE = YES;
				MARKETING_VERSION = 1.0;
				PRODUCT_BUNDLE_IDENTIFIER = "com.jetbrains.Chapter5-ViewTransitionWithDataUITests";
				PRODUCT_NAME = "$(TARGET_NAME)";
				SWIFT_EMIT_LOC_STRINGS = NO;
				SWIFT_VERSION = 5.0;
				TARGETED_DEVICE_FAMILY = "1,2";
				TEST_TARGET_NAME = Chapter5_ViewTransitionWithData;
			};
			name = Release;
		};
/* End XCBuildConfiguration section */

/* Begin XCConfigurationList section */
		9746AD3F2B012C26005FE85D /* Build configuration list for PBXProject "Chapter5_ViewTransitionWithData" */ = {
			isa = XCConfigurationList;
			buildConfigurations = (
				9746AD6C2B012C2B005FE85D /* Debug */,
				9746AD6D2B012C2B005FE85D /* Release */,
			);
			defaultConfigurationIsVisible = 0;
			defaultConfigurationName = Release;
		};
		9746AD6E2B012C2B005FE85D /* Build configuration list for PBXNativeTarget "Chapter5_ViewTransitionWithData" */ = {
			isa = XCConfigurationList;
			buildConfigurations = (
				9746AD6F2B012C2B005FE85D /* Debug */,
				9746AD702B012C2B005FE85D /* Release */,
			);
			defaultConfigurationIsVisible = 0;
			defaultConfigurationName = Release;
		};
		9746AD712B012C2B005FE85D /* Build configuration list for PBXNativeTarget "Chapter5_ViewTransitionWithDataTests" */ = {
			isa = XCConfigurationList;
			buildConfigurations = (
				9746AD722B012C2B005FE85D /* Debug */,
				9746AD732B012C2B005FE85D /* Release */,
			);
			defaultConfigurationIsVisible = 0;
			defaultConfigurationName = Release;
		};
		9746AD742B012C2B005FE85D /* Build configuration list for PBXNativeTarget "Chapter5_ViewTransitionWithDataUITests" */ = {
			isa = XCConfigurationList;
			buildConfigurations = (
				9746AD752B012C2B005FE85D /* Debug */,
				9746AD762B012C2B005FE85D /* Release */,
			);
			defaultConfigurationIsVisible = 0;
			defaultConfigurationName = Release;
		};
/* End XCConfigurationList section */
	};
	rootObject = 9746AD3C2B012C26005FE85D /* Project object */;
}
