// !$*UTF8*$!
{
	archiveVersion = 1;
	classes = {
	};
	objectVersion = 56;
	objects = {

/* Begin PBXBuildFile section */
		975F45BC2ACF2CF700D94D9E /* AppDelegate.swift in Sources */ = {isa = PBXBuildFile; fileRef = 975F45BB2ACF2CF700D94D9E /* AppDelegate.swift */; };
		975F45BE2ACF2CF700D94D9E /* SceneDelegate.swift in Sources */ = {isa = PBXBuildFile; fileRef = 975F45BD2ACF2CF700D94D9E /* SceneDelegate.swift */; };
		975F45C02ACF2CF700D94D9E /* ViewController.swift in Sources */ = {isa = PBXBuildFile; fileRef = 975F45BF2ACF2CF700D94D9E /* ViewController.swift */; };
		975F45C32ACF2CF700D94D9E /* Main.storyboard in Resources */ = {isa = PBXBuildFile; fileRef = 975F45C12ACF2CF700D94D9E /* Main.storyboard */; };
		975F45C52ACF2CFA00D94D9E /* Assets.xcassets in Resources */ = {isa = PBXBuildFile; fileRef = 975F45C42ACF2CFA00D94D9E /* Assets.xcassets */; };
		975F45C82ACF2CFA00D94D9E /* LaunchScreen.storyboard in Resources */ = {isa = PBXBuildFile; fileRef = 975F45C62ACF2CFA00D94D9E /* LaunchScreen.storyboard */; };
		975F45D32ACF2CFA00D94D9E /* Chapter1_PlatformTests.swift in Sources */ = {isa = PBXBuildFile; fileRef = 975F45D22ACF2CFA00D94D9E /* Chapter1_PlatformTests.swift */; };
		975F45DD2ACF2CFA00D94D9E /* Chapter1_PlatformUITests.swift in Sources */ = {isa = PBXBuildFile; fileRef = 975F45DC2ACF2CFA00D94D9E /* Chapter1_PlatformUITests.swift */; };
		975F45DF2ACF2CFA00D94D9E /* Chapter1_PlatformUITestsLaunchTests.swift in Sources */ = {isa = PBXBuildFile; fileRef = 975F45DE2ACF2CFA00D94D9E /* Chapter1_PlatformUITestsLaunchTests.swift */; };
/* End PBXBuildFile section */

/* Begin PBXContainerItemProxy section */
		975F45CF2ACF2CFA00D94D9E /* PBXContainerItemProxy */ = {
			isa = PBXContainerItemProxy;
			containerPortal = 975F45B02ACF2CF700D94D9E /* Project object */;
			proxyType = 1;
			remoteGlobalIDString = 975F45B72ACF2CF700D94D9E;
			remoteInfo = Chapter1_Platform;
		};
		975F45D92ACF2CFA00D94D9E /* PBXContainerItemProxy */ = {
			isa = PBXContainerItemProxy;
			containerPortal = 975F45B02ACF2CF700D94D9E /* Project object */;
			proxyType = 1;
			remoteGlobalIDString = 975F45B72ACF2CF700D94D9E;
			remoteInfo = Chapter1_Platform;
		};
/* End PBXContainerItemProxy section */

/* Begin PBXFileReference section */
		975F45B82ACF2CF700D94D9E /* Chapter1_Platform.app */ = {isa = PBXFileReference; explicitFileType = wrapper.application; includeInIndex = 0; path = Chapter1_Platform.app; sourceTree = BUILT_PRODUCTS_DIR; };
		975F45BB2ACF2CF700D94D9E /* AppDelegate.swift */ = {isa = PBXFileReference; lastKnownFileType = sourcecode.swift; path = AppDelegate.swift; sourceTree = "<group>"; };
		975F45BD2ACF2CF700D94D9E /* SceneDelegate.swift */ = {isa = PBXFileReference; lastKnownFileType = sourcecode.swift; path = SceneDelegate.swift; sourceTree = "<group>"; };
		975F45BF2ACF2CF700D94D9E /* ViewController.swift */ = {isa = PBXFileReference; lastKnownFileType = sourcecode.swift; path = ViewController.swift; sourceTree = "<group>"; };
		975F45C22ACF2CF700D94D9E /* Base */ = {isa = PBXFileReference; lastKnownFileType = file.storyboard; name = Base; path = Base.lproj/Main.storyboard; sourceTree = "<group>"; };
		975F45C42ACF2CFA00D94D9E /* Assets.xcassets */ = {isa = PBXFileReference; lastKnownFileType = folder.assetcatalog; path = Assets.xcassets; sourceTree = "<group>"; };
		975F45C72ACF2CFA00D94D9E /* Base */ = {isa = PBXFileReference; lastKnownFileType = file.storyboard; name = Base; path = Base.lproj/LaunchScreen.storyboard; sourceTree = "<group>"; };
		975F45C92ACF2CFA00D94D9E /* Info.plist */ = {isa = PBXFileReference; lastKnownFileType = text.plist.xml; path = Info.plist; sourceTree = "<group>"; };
		975F45CE2ACF2CFA00D94D9E /* Chapter1_PlatformTests.xctest */ = {isa = PBXFileReference; explicitFileType = wrapper.cfbundle; includeInIndex = 0; path = Chapter1_PlatformTests.xctest; sourceTree = BUILT_PRODUCTS_DIR; };
		975F45D22ACF2CFA00D94D9E /* Chapter1_PlatformTests.swift */ = {isa = PBXFileReference; lastKnownFileType = sourcecode.swift; path = Chapter1_PlatformTests.swift; sourceTree = "<group>"; };
		975F45D82ACF2CFA00D94D9E /* Chapter1_PlatformUITests.xctest */ = {isa = PBXFileReference; explicitFileType = wrapper.cfbundle; includeInIndex = 0; path = Chapter1_PlatformUITests.xctest; sourceTree = BUILT_PRODUCTS_DIR; };
		975F45DC2ACF2CFA00D94D9E /* Chapter1_PlatformUITests.swift */ = {isa = PBXFileReference; lastKnownFileType = sourcecode.swift; path = Chapter1_PlatformUITests.swift; sourceTree = "<group>"; };
		975F45DE2ACF2CFA00D94D9E /* Chapter1_PlatformUITestsLaunchTests.swift */ = {isa = PBXFileReference; lastKnownFileType = sourcecode.swift; path = Chapter1_PlatformUITestsLaunchTests.swift; sourceTree = "<group>"; };
/* End PBXFileReference section */

/* Begin PBXFrameworksBuildPhase section */
		975F45B52ACF2CF700D94D9E /* Frameworks */ = {
			isa = PBXFrameworksBuildPhase;
			buildActionMask = 2147483647;
			files = (
			);
			runOnlyForDeploymentPostprocessing = 0;
		};
		975F45CB2ACF2CFA00D94D9E /* Frameworks */ = {
			isa = PBXFrameworksBuildPhase;
			buildActionMask = 2147483647;
			files = (
			);
			runOnlyForDeploymentPostprocessing = 0;
		};
		975F45D52ACF2CFA00D94D9E /* Frameworks */ = {
			isa = PBXFrameworksBuildPhase;
			buildActionMask = 2147483647;
			files = (
			);
			runOnlyForDeploymentPostprocessing = 0;
		};
/* End PBXFrameworksBuildPhase section */

/* Begin PBXGroup section */
		975F45AF2ACF2CF700D94D9E = {
			isa = PBXGroup;
			children = (
				975F45BA2ACF2CF700D94D9E /* Chapter1_Platform */,
				975F45D12ACF2CFA00D94D9E /* Chapter1_PlatformTests */,
				975F45DB2ACF2CFA00D94D9E /* Chapter1_PlatformUITests */,
				975F45B92ACF2CF700D94D9E /* Products */,
			);
			sourceTree = "<group>";
		};
		975F45B92ACF2CF700D94D9E /* Products */ = {
			isa = PBXGroup;
			children = (
				975F45B82ACF2CF700D94D9E /* Chapter1_Platform.app */,
				975F45CE2ACF2CFA00D94D9E /* Chapter1_PlatformTests.xctest */,
				975F45D82ACF2CFA00D94D9E /* Chapter1_PlatformUITests.xctest */,
			);
			name = Products;
			sourceTree = "<group>";
		};
		975F45BA2ACF2CF700D94D9E /* Chapter1_Platform */ = {
			isa = PBXGroup;
			children = (
				975F45BB2ACF2CF700D94D9E /* AppDelegate.swift */,
				975F45BD2ACF2CF700D94D9E /* SceneDelegate.swift */,
				975F45BF2ACF2CF700D94D9E /* ViewController.swift */,
				975F45C12ACF2CF700D94D9E /* Main.storyboard */,
				975F45C42ACF2CFA00D94D9E /* Assets.xcassets */,
				975F45C62ACF2CFA00D94D9E /* LaunchScreen.storyboard */,
				975F45C92ACF2CFA00D94D9E /* Info.plist */,
			);
			path = Chapter1_Platform;
			sourceTree = "<group>";
		};
		975F45D12ACF2CFA00D94D9E /* Chapter1_PlatformTests */ = {
			isa = PBXGroup;
			children = (
				975F45D22ACF2CFA00D94D9E /* Chapter1_PlatformTests.swift */,
			);
			path = Chapter1_PlatformTests;
			sourceTree = "<group>";
		};
		975F45DB2ACF2CFA00D94D9E /* Chapter1_PlatformUITests */ = {
			isa = PBXGroup;
			children = (
				975F45DC2ACF2CFA00D94D9E /* Chapter1_PlatformUITests.swift */,
				975F45DE2ACF2CFA00D94D9E /* Chapter1_PlatformUITestsLaunchTests.swift */,
			);
			path = Chapter1_PlatformUITests;
			sourceTree = "<group>";
		};
/* End PBXGroup section */

/* Begin PBXNativeTarget section */
		975F45B72ACF2CF700D94D9E /* Chapter1_Platform */ = {
			isa = PBXNativeTarget;
			buildConfigurationList = 975F45E22ACF2CFA00D94D9E /* Build configuration list for PBXNativeTarget "Chapter1_Platform" */;
			buildPhases = (
				975F45B42ACF2CF700D94D9E /* Sources */,
				975F45B52ACF2CF700D94D9E /* Frameworks */,
				975F45B62ACF2CF700D94D9E /* Resources */,
			);
			buildRules = (
			);
			dependencies = (
			);
			name = Chapter1_Platform;
			productName = Chapter1_Platform;
			productReference = 975F45B82ACF2CF700D94D9E /* Chapter1_Platform.app */;
			productType = "com.apple.product-type.application";
		};
		975F45CD2ACF2CFA00D94D9E /* Chapter1_PlatformTests */ = {
			isa = PBXNativeTarget;
			buildConfigurationList = 975F45E52ACF2CFA00D94D9E /* Build configuration list for PBXNativeTarget "Chapter1_PlatformTests" */;
			buildPhases = (
				975F45CA2ACF2CFA00D94D9E /* Sources */,
				975F45CB2ACF2CFA00D94D9E /* Frameworks */,
				975F45CC2ACF2CFA00D94D9E /* Resources */,
			);
			buildRules = (
			);
			dependencies = (
				975F45D02ACF2CFA00D94D9E /* PBXTargetDependency */,
			);
			name = Chapter1_PlatformTests;
			productName = Chapter1_PlatformTests;
			productReference = 975F45CE2ACF2CFA00D94D9E /* Chapter1_PlatformTests.xctest */;
			productType = "com.apple.product-type.bundle.unit-test";
		};
		975F45D72ACF2CFA00D94D9E /* Chapter1_PlatformUITests */ = {
			isa = PBXNativeTarget;
			buildConfigurationList = 975F45E82ACF2CFA00D94D9E /* Build configuration list for PBXNativeTarget "Chapter1_PlatformUITests" */;
			buildPhases = (
				975F45D42ACF2CFA00D94D9E /* Sources */,
				975F45D52ACF2CFA00D94D9E /* Frameworks */,
				975F45D62ACF2CFA00D94D9E /* Resources */,
			);
			buildRules = (
			);
			dependencies = (
				975F45DA2ACF2CFA00D94D9E /* PBXTargetDependency */,
			);
			name = Chapter1_PlatformUITests;
			productName = Chapter1_PlatformUITests;
			productReference = 975F45D82ACF2CFA00D94D9E /* Chapter1_PlatformUITests.xctest */;
			productType = "com.apple.product-type.bundle.ui-testing";
		};
/* End PBXNativeTarget section */

/* Begin PBXProject section */
		975F45B02ACF2CF700D94D9E /* Project object */ = {
			isa = PBXProject;
			attributes = {
				BuildIndependentTargetsInParallel = 1;
				LastSwiftUpdateCheck = 1500;
				LastUpgradeCheck = 1500;
				TargetAttributes = {
					975F45B72ACF2CF700D94D9E = {
						CreatedOnToolsVersion = 15.0;
					};
					975F45CD2ACF2CFA00D94D9E = {
						CreatedOnToolsVersion = 15.0;
						TestTargetID = 975F45B72ACF2CF700D94D9E;
					};
					975F45D72ACF2CFA00D94D9E = {
						CreatedOnToolsVersion = 15.0;
						TestTargetID = 975F45B72ACF2CF700D94D9E;
					};
				};
			};
			buildConfigurationList = 975F45B32ACF2CF700D94D9E /* Build configuration list for PBXProject "Chapter1_Platform" */;
			compatibilityVersion = "Xcode 14.0";
			developmentRegion = en;
			hasScannedForEncodings = 0;
			knownRegions = (
				en,
				Base,
			);
			mainGroup = 975F45AF2ACF2CF700D94D9E;
			productRefGroup = 975F45B92ACF2CF700D94D9E /* Products */;
			projectDirPath = "";
			projectRoot = "";
			targets = (
				975F45B72ACF2CF700D94D9E /* Chapter1_Platform */,
				975F45CD2ACF2CFA00D94D9E /* Chapter1_PlatformTests */,
				975F45D72ACF2CFA00D94D9E /* Chapter1_PlatformUITests */,
			);
		};
/* End PBXProject section */

/* Begin PBXResourcesBuildPhase section */
		975F45B62ACF2CF700D94D9E /* Resources */ = {
			isa = PBXResourcesBuildPhase;
			buildActionMask = 2147483647;
			files = (
				975F45C82ACF2CFA00D94D9E /* LaunchScreen.storyboard in Resources */,
				975F45C52ACF2CFA00D94D9E /* Assets.xcassets in Resources */,
				975F45C32ACF2CF700D94D9E /* Main.storyboard in Resources */,
			);
			runOnlyForDeploymentPostprocessing = 0;
		};
		975F45CC2ACF2CFA00D94D9E /* Resources */ = {
			isa = PBXResourcesBuildPhase;
			buildActionMask = 2147483647;
			files = (
			);
			runOnlyForDeploymentPostprocessing = 0;
		};
		975F45D62ACF2CFA00D94D9E /* Resources */ = {
			isa = PBXResourcesBuildPhase;
			buildActionMask = 2147483647;
			files = (
			);
			runOnlyForDeploymentPostprocessing = 0;
		};
/* End PBXResourcesBuildPhase section */

/* Begin PBXSourcesBuildPhase section */
		975F45B42ACF2CF700D94D9E /* Sources */ = {
			isa = PBXSourcesBuildPhase;
			buildActionMask = 2147483647;
			files = (
				975F45C02ACF2CF700D94D9E /* ViewController.swift in Sources */,
				975F45BC2ACF2CF700D94D9E /* AppDelegate.swift in Sources */,
				975F45BE2ACF2CF700D94D9E /* SceneDelegate.swift in Sources */,
			);
			runOnlyForDeploymentPostprocessing = 0;
		};
		975F45CA2ACF2CFA00D94D9E /* Sources */ = {
			isa = PBXSourcesBuildPhase;
			buildActionMask = 2147483647;
			files = (
				975F45D32ACF2CFA00D94D9E /* Chapter1_PlatformTests.swift in Sources */,
			);
			runOnlyForDeploymentPostprocessing = 0;
		};
		975F45D42ACF2CFA00D94D9E /* Sources */ = {
			isa = PBXSourcesBuildPhase;
			buildActionMask = 2147483647;
			files = (
				975F45DD2ACF2CFA00D94D9E /* Chapter1_PlatformUITests.swift in Sources */,
				975F45DF2ACF2CFA00D94D9E /* Chapter1_PlatformUITestsLaunchTests.swift in Sources */,
			);
			runOnlyForDeploymentPostprocessing = 0;
		};
/* End PBXSourcesBuildPhase section */

/* Begin PBXTargetDependency section */
		975F45D02ACF2CFA00D94D9E /* PBXTargetDependency */ = {
			isa = PBXTargetDependency;
			target = 975F45B72ACF2CF700D94D9E /* Chapter1_Platform */;
			targetProxy = 975F45CF2ACF2CFA00D94D9E /* PBXContainerItemProxy */;
		};
		975F45DA2ACF2CFA00D94D9E /* PBXTargetDependency */ = {
			isa = PBXTargetDependency;
			target = 975F45B72ACF2CF700D94D9E /* Chapter1_Platform */;
			targetProxy = 975F45D92ACF2CFA00D94D9E /* PBXContainerItemProxy */;
		};
/* End PBXTargetDependency section */

/* Begin PBXVariantGroup section */
		975F45C12ACF2CF700D94D9E /* Main.storyboard */ = {
			isa = PBXVariantGroup;
			children = (
				975F45C22ACF2CF700D94D9E /* Base */,
			);
			name = Main.storyboard;
			sourceTree = "<group>";
		};
		975F45C62ACF2CFA00D94D9E /* LaunchScreen.storyboard */ = {
			isa = PBXVariantGroup;
			children = (
				975F45C72ACF2CFA00D94D9E /* Base */,
			);
			name = LaunchScreen.storyboard;
			sourceTree = "<group>";
		};
/* End PBXVariantGroup section */

/* Begin XCBuildConfiguration section */
		975F45E02ACF2CFA00D94D9E /* Debug */ = {
			isa = XCBuildConfiguration;
			buildSettings = {
				ALWAYS_SEARCH_USER_PATHS = NO;
				ASSETCATALOG_COMPILER_GENERATE_SWIFT_ASSET_SYMBOL_EXTENSIONS = YES;
				CLANG_ANALYZER_NONNULL = YES;
				CLANG_ANALYZER_NUMBER_OBJECT_CONVERSION = YES_AGGRESSIVE;
				CLANG_CXX_LANGUAGE_STANDARD = "gnu++20";
				CLANG_ENABLE_MODULES = YES;
				CLANG_ENABLE_OBJC_ARC = YES;
				CLANG_ENABLE_OBJC_WEAK = YES;
				CLANG_WARN_BLOCK_CAPTURE_AUTORELEASING = YES;
				CLANG_WARN_BOOL_CONVERSION = YES;
				CLANG_WARN_COMMA = YES;
				CLANG_WARN_CONSTANT_CONVERSION = YES;
				CLANG_WARN_DEPRECATED_OBJC_IMPLEMENTATIONS = YES;
				CLANG_WARN_DIRECT_OBJC_ISA_USAGE = YES_ERROR;
				CLANG_WARN_DOCUMENTATION_COMMENTS = YES;
				CLANG_WARN_EMPTY_BODY = YES;
				CLANG_WARN_ENUM_CONVERSION = YES;
				CLANG_WARN_INFINITE_RECURSION = YES;
				CLANG_WARN_INT_CONVERSION = YES;
				CLANG_WARN_NON_LITERAL_NULL_CONVERSION = YES;
				CLANG_WARN_OBJC_IMPLICIT_RETAIN_SELF = YES;
				CLANG_WARN_OBJC_LITERAL_CONVERSION = YES;
				CLANG_WARN_OBJC_ROOT_CLASS = YES_ERROR;
				CLANG_WARN_QUOTED_INCLUDE_IN_FRAMEWORK_HEADER = YES;
				CLANG_WARN_RANGE_LOOP_ANALYSIS = YES;
				CLANG_WARN_STRICT_PROTOTYPES = YES;
				CLANG_WARN_SUSPICIOUS_MOVE = YES;
				CLANG_WARN_UNGUARDED_AVAILABILITY = YES_AGGRESSIVE;
				CLANG_WARN_UNREACHABLE_CODE = YES;
				CLANG_WARN__DUPLICATE_METHOD_MATCH = YES;
				COPY_PHASE_STRIP = NO;
				DEBUG_INFORMATION_FORMAT = dwarf;
				ENABLE_STRICT_OBJC_MSGSEND = YES;
				ENABLE_TESTABILITY = YES;
				ENABLE_USER_SCRIPT_SANDBOXING = YES;
				GCC_C_LANGUAGE_STANDARD = gnu17;
				GCC_DYNAMIC_NO_PIC = NO;
				GCC_NO_COMMON_BLOCKS = YES;
				GCC_OPTIMIZATION_LEVEL = 0;
				GCC_PREPROCESSOR_DEFINITIONS = (
					"DEBUG=1",
					"$(inherited)",
				);
				GCC_WARN_64_TO_32_BIT_CONVERSION = YES;
				GCC_WARN_ABOUT_RETURN_TYPE = YES_ERROR;
				GCC_WARN_UNDECLARED_SELECTOR = YES;
				GCC_WARN_UNINITIALIZED_AUTOS = YES_AGGRESSIVE;
				GCC_WARN_UNUSED_FUNCTION = YES;
				GCC_WARN_UNUSED_VARIABLE = YES;
				IPHONEOS_DEPLOYMENT_TARGET = 17.0;
				LOCALIZATION_PREFERS_STRING_CATALOGS = YES;
				MTL_ENABLE_DEBUG_INFO = INCLUDE_SOURCE;
				MTL_FAST_MATH = YES;
				ONLY_ACTIVE_ARCH = YES;
				SDKROOT = iphoneos;
				SWIFT_ACTIVE_COMPILATION_CONDITIONS = "DEBUG $(inherited)";
				SWIFT_OPTIMIZATION_LEVEL = "-Onone";
			};
			name = Debug;
		};
		975F45E12ACF2CFA00D94D9E /* Release */ = {
			isa = XCBuildConfiguration;
			buildSettings = {
				ALWAYS_SEARCH_USER_PATHS = NO;
				ASSETCATALOG_COMPILER_GENERATE_SWIFT_ASSET_SYMBOL_EXTENSIONS = YES;
				CLANG_ANALYZER_NONNULL = YES;
				CLANG_ANALYZER_NUMBER_OBJECT_CONVERSION = YES_AGGRESSIVE;
				CLANG_CXX_LANGUAGE_STANDARD = "gnu++20";
				CLANG_ENABLE_MODULES = YES;
				CLANG_ENABLE_OBJC_ARC = YES;
				CLANG_ENABLE_OBJC_WEAK = YES;
				CLANG_WARN_BLOCK_CAPTURE_AUTORELEASING = YES;
				CLANG_WARN_BOOL_CONVERSION = YES;
				CLANG_WARN_COMMA = YES;
				CLANG_WARN_CONSTANT_CONVERSION = YES;
				CLANG_WARN_DEPRECATED_OBJC_IMPLEMENTATIONS = YES;
				CLANG_WARN_DIRECT_OBJC_ISA_USAGE = YES_ERROR;
				CLANG_WARN_DOCUMENTATION_COMMENTS = YES;
				CLANG_WARN_EMPTY_BODY = YES;
				CLANG_WARN_ENUM_CONVERSION = YES;
				CLANG_WARN_INFINITE_RECURSION = YES;
				CLANG_WARN_INT_CONVERSION = YES;
				CLANG_WARN_NON_LITERAL_NULL_CONVERSION = YES;
				CLANG_WARN_OBJC_IMPLICIT_RETAIN_SELF = YES;
				CLANG_WARN_OBJC_LITERAL_CONVERSION = YES;
				CLANG_WARN_OBJC_ROOT_CLASS = YES_ERROR;
				CLANG_WARN_QUOTED_INCLUDE_IN_FRAMEWORK_HEADER = YES;
				CLANG_WARN_RANGE_LOOP_ANALYSIS = YES;
				CLANG_WARN_STRICT_PROTOTYPES = YES;
				CLANG_WARN_SUSPICIOUS_MOVE = YES;
				CLANG_WARN_UNGUARDED_AVAILABILITY = YES_AGGRESSIVE;
				CLANG_WARN_UNREACHABLE_CODE = YES;
				CLANG_WARN__DUPLICATE_METHOD_MATCH = YES;
				COPY_PHASE_STRIP = NO;
				DEBUG_INFORMATION_FORMAT = "dwarf-with-dsym";
				ENABLE_NS_ASSERTIONS = NO;
				ENABLE_STRICT_OBJC_MSGSEND = YES;
				ENABLE_USER_SCRIPT_SANDBOXING = YES;
				GCC_C_LANGUAGE_STANDARD = gnu17;
				GCC_NO_COMMON_BLOCKS = YES;
				GCC_WARN_64_TO_32_BIT_CONVERSION = YES;
				GCC_WARN_ABOUT_RETURN_TYPE = YES_ERROR;
				GCC_WARN_UNDECLARED_SELECTOR = YES;
				GCC_WARN_UNINITIALIZED_AUTOS = YES_AGGRESSIVE;
				GCC_WARN_UNUSED_FUNCTION = YES;
				GCC_WARN_UNUSED_VARIABLE = YES;
				IPHONEOS_DEPLOYMENT_TARGET = 17.0;
				LOCALIZATION_PREFERS_STRING_CATALOGS = YES;
				MTL_ENABLE_DEBUG_INFO = NO;
				MTL_FAST_MATH = YES;
				SDKROOT = iphoneos;
				SWIFT_COMPILATION_MODE = wholemodule;
				VALIDATE_PRODUCT = YES;
			};
			name = Release;
		};
		975F45E32ACF2CFA00D94D9E /* Debug */ = {
			isa = XCBuildConfiguration;
			buildSettings = {
				ASSETCATALOG_COMPILER_APPICON_NAME = AppIcon;
				ASSETCATALOG_COMPILER_GLOBAL_ACCENT_COLOR_NAME = AccentColor;
				CODE_SIGN_STYLE = Automatic;
				CURRENT_PROJECT_VERSION = 1;
				GENERATE_INFOPLIST_FILE = YES;
				INFOPLIST_FILE = Chapter1_Platform/Info.plist;
				INFOPLIST_KEY_UIApplicationSupportsIndirectInputEvents = YES;
				INFOPLIST_KEY_UILaunchStoryboardName = LaunchScreen;
				INFOPLIST_KEY_UIMainStoryboardFile = Main;
				INFOPLIST_KEY_UISupportedInterfaceOrientations_iPad = "UIInterfaceOrientationPortrait UIInterfaceOrientationPortraitUpsideDown UIInterfaceOrientationLandscapeLeft UIInterfaceOrientationLandscapeRight";
				INFOPLIST_KEY_UISupportedInterfaceOrientations_iPhone = "UIInterfaceOrientationPortrait UIInterfaceOrientationLandscapeLeft UIInterfaceOrientationLandscapeRight";
				LD_RUNPATH_SEARCH_PATHS = (
					"$(inherited)",
					"@executable_path/Frameworks",
				);
				MARKETING_VERSION = 1.0;
				PRODUCT_BUNDLE_IDENTIFIER = "com.jetbrains.Chapter1-Platform";
				PRODUCT_NAME = "$(TARGET_NAME)";
				SWIFT_EMIT_LOC_STRINGS = YES;
				SWIFT_VERSION = 5.0;
				TARGETED_DEVICE_FAMILY = "1,2";
			};
			name = Debug;
		};
		975F45E42ACF2CFA00D94D9E /* Release */ = {
			isa = XCBuildConfiguration;
			buildSettings = {
				ASSETCATALOG_COMPILER_APPICON_NAME = AppIcon;
				ASSETCATALOG_COMPILER_GLOBAL_ACCENT_COLOR_NAME = AccentColor;
				CODE_SIGN_STYLE = Automatic;
				CURRENT_PROJECT_VERSION = 1;
				GENERATE_INFOPLIST_FILE = YES;
				INFOPLIST_FILE = Chapter1_Platform/Info.plist;
				INFOPLIST_KEY_UIApplicationSupportsIndirectInputEvents = YES;
				INFOPLIST_KEY_UILaunchStoryboardName = LaunchScreen;
				INFOPLIST_KEY_UIMainStoryboardFile = Main;
				INFOPLIST_KEY_UISupportedInterfaceOrientations_iPad = "UIInterfaceOrientationPortrait UIInterfaceOrientationPortraitUpsideDown UIInterfaceOrientationLandscapeLeft UIInterfaceOrientationLandscapeRight";
				INFOPLIST_KEY_UISupportedInterfaceOrientations_iPhone = "UIInterfaceOrientationPortrait UIInterfaceOrientationLandscapeLeft UIInterfaceOrientationLandscapeRight";
				LD_RUNPATH_SEARCH_PATHS = (
					"$(inherited)",
					"@executable_path/Frameworks",
				);
				MARKETING_VERSION = 1.0;
				PRODUCT_BUNDLE_IDENTIFIER = "com.jetbrains.Chapter1-Platform";
				PRODUCT_NAME = "$(TARGET_NAME)";
				SWIFT_EMIT_LOC_STRINGS = YES;
				SWIFT_VERSION = 5.0;
				TARGETED_DEVICE_FAMILY = "1,2";
			};
			name = Release;
		};
		975F45E62ACF2CFA00D94D9E /* Debug */ = {
			isa = XCBuildConfiguration;
			buildSettings = {
				ALWAYS_EMBED_SWIFT_STANDARD_LIBRARIES = YES;
				BUNDLE_LOADER = "$(TEST_HOST)";
				CODE_SIGN_STYLE = Automatic;
				CURRENT_PROJECT_VERSION = 1;
				GENERATE_INFOPLIST_FILE = YES;
				IPHONEOS_DEPLOYMENT_TARGET = 17.0;
				MARKETING_VERSION = 1.0;
				PRODUCT_BUNDLE_IDENTIFIER = "com.jetbrains.Chapter1-PlatformTests";
				PRODUCT_NAME = "$(TARGET_NAME)";
				SWIFT_EMIT_LOC_STRINGS = NO;
				SWIFT_VERSION = 5.0;
				TARGETED_DEVICE_FAMILY = "1,2";
				TEST_HOST = "$(BUILT_PRODUCTS_DIR)/Chapter1_Platform.app/$(BUNDLE_EXECUTABLE_FOLDER_PATH)/Chapter1_Platform";
			};
			name = Debug;
		};
		975F45E72ACF2CFA00D94D9E /* Release */ = {
			isa = XCBuildConfiguration;
			buildSettings = {
				ALWAYS_EMBED_SWIFT_STANDARD_LIBRARIES = YES;
				BUNDLE_LOADER = "$(TEST_HOST)";
				CODE_SIGN_STYLE = Automatic;
				CURRENT_PROJECT_VERSION = 1;
				GENERATE_INFOPLIST_FILE = YES;
				IPHONEOS_DEPLOYMENT_TARGET = 17.0;
				MARKETING_VERSION = 1.0;
				PRODUCT_BUNDLE_IDENTIFIER = "com.jetbrains.Chapter1-PlatformTests";
				PRODUCT_NAME = "$(TARGET_NAME)";
				SWIFT_EMIT_LOC_STRINGS = NO;
				SWIFT_VERSION = 5.0;
				TARGETED_DEVICE_FAMILY = "1,2";
				TEST_HOST = "$(BUILT_PRODUCTS_DIR)/Chapter1_Platform.app/$(BUNDLE_EXECUTABLE_FOLDER_PATH)/Chapter1_Platform";
			};
			name = Release;
		};
		975F45E92ACF2CFA00D94D9E /* Debug */ = {
			isa = XCBuildConfiguration;
			buildSettings = {
				ALWAYS_EMBED_SWIFT_STANDARD_LIBRARIES = YES;
				CODE_SIGN_STYLE = Automatic;
				CURRENT_PROJECT_VERSION = 1;
				GENERATE_INFOPLIST_FILE = YES;
				MARKETING_VERSION = 1.0;
				PRODUCT_BUNDLE_IDENTIFIER = "com.jetbrains.Chapter1-PlatformUITests";
				PRODUCT_NAME = "$(TARGET_NAME)";
				SWIFT_EMIT_LOC_STRINGS = NO;
				SWIFT_VERSION = 5.0;
				TARGETED_DEVICE_FAMILY = "1,2";
				TEST_TARGET_NAME = Chapter1_Platform;
			};
			name = Debug;
		};
		975F45EA2ACF2CFA00D94D9E /* Release */ = {
			isa = XCBuildConfiguration;
			buildSettings = {
				ALWAYS_EMBED_SWIFT_STANDARD_LIBRARIES = YES;
				CODE_SIGN_STYLE = Automatic;
				CURRENT_PROJECT_VERSION = 1;
				GENERATE_INFOPLIST_FILE = YES;
				MARKETING_VERSION = 1.0;
				PRODUCT_BUNDLE_IDENTIFIER = "com.jetbrains.Chapter1-PlatformUITests";
				PRODUCT_NAME = "$(TARGET_NAME)";
				SWIFT_EMIT_LOC_STRINGS = NO;
				SWIFT_VERSION = 5.0;
				TARGETED_DEVICE_FAMILY = "1,2";
				TEST_TARGET_NAME = Chapter1_Platform;
			};
			name = Release;
		};
/* End XCBuildConfiguration section */

/* Begin XCConfigurationList section */
		975F45B32ACF2CF700D94D9E /* Build configuration list for PBXProject "Chapter1_Platform" */ = {
			isa = XCConfigurationList;
			buildConfigurations = (
				975F45E02ACF2CFA00D94D9E /* Debug */,
				975F45E12ACF2CFA00D94D9E /* Release */,
			);
			defaultConfigurationIsVisible = 0;
			defaultConfigurationName = Release;
		};
		975F45E22ACF2CFA00D94D9E /* Build configuration list for PBXNativeTarget "Chapter1_Platform" */ = {
			isa = XCConfigurationList;
			buildConfigurations = (
				975F45E32ACF2CFA00D94D9E /* Debug */,
				975F45E42ACF2CFA00D94D9E /* Release */,
			);
			defaultConfigurationIsVisible = 0;
			defaultConfigurationName = Release;
		};
		975F45E52ACF2CFA00D94D9E /* Build configuration list for PBXNativeTarget "Chapter1_PlatformTests" */ = {
			isa = XCConfigurationList;
			buildConfigurations = (
				975F45E62ACF2CFA00D94D9E /* Debug */,
				975F45E72ACF2CFA00D94D9E /* Release */,
			);
			defaultConfigurationIsVisible = 0;
			defaultConfigurationName = Release;
		};
		975F45E82ACF2CFA00D94D9E /* Build configuration list for PBXNativeTarget "Chapter1_PlatformUITests" */ = {
			isa = XCConfigurationList;
			buildConfigurations = (
				975F45E92ACF2CFA00D94D9E /* Debug */,
				975F45EA2ACF2CFA00D94D9E /* Release */,
			);
			defaultConfigurationIsVisible = 0;
			defaultConfigurationName = Release;
		};
/* End XCConfigurationList section */
	};
	rootObject = 975F45B02ACF2CF700D94D9E /* Project object */;
}
